
Microsoft Visual Studio Solution File, Format Version 12.00
# Visual Studio Version 17
VisualStudioVersion = 17.5.33516.290
MinimumVisualStudioVersion = 10.0.40219.1
Project("{9A19103F-16F7-4668-BE54-9A1E7A4F7556}") = "MzansiBytes.API", "MzansiBytes.API\MzansiBytes.API.csproj", "{288C1878-8908-4739-B9C4-D0BBDB55512E}"
EndProject
Project("{9A19103F-16F7-4668-BE54-9A1E7A4F7556}") = "MzansiBytes.WASM", "MzansiBytes.WASM\MzansiBytes.WASM.csproj", "{179D2780-36F8-472B-B471-3CDF185DCDA2}"
EndProject
Project("{9A19103F-16F7-4668-BE54-9A1E7A4F7556}") = "MzansiBytes.IntegrationTests", "MzansiBytes.IntegrationTests\MzansiBytes.IntegrationTests.csproj", "{8E1FAA0F-9553-46B6-8C03-61EDD6FE06A3}"
EndProject
Global
	GlobalSection(SolutionConfigurationPlatforms) = preSolution
		Debug|Any CPU = Debug|Any CPU
		Release|Any CPU = Release|Any CPU
	EndGlobalSection
	GlobalSection(ProjectConfigurationPlatforms) = postSolution
		{288C1878-8908-4739-B9C4-D0BBDB55512E}.Debug|Any CPU.ActiveCfg = Debug|Any CPU
		{288C1878-8908-4739-B9C4-D0BBDB55512E}.Debug|Any CPU.Build.0 = Debug|Any CPU
		{288C1878-8908-4739-B9C4-D0BBDB55512E}.Release|Any CPU.ActiveCfg = Release|Any CPU
		{288C1878-8908-4739-B9C4-D0BBDB55512E}.Release|Any CPU.Build.0 = Release|Any CPU
		{179D2780-36F8-472B-B471-3CDF185DCDA2}.Debug|Any CPU.ActiveCfg = Debug|Any CPU
		{179D2780-36F8-472B-B471-3CDF185DCDA2}.Debug|Any CPU.Build.0 = Debug|Any CPU
		{179D2780-36F8-472B-B471-3CDF185DCDA2}.Release|Any CPU.ActiveCfg = Release|Any CPU
		{179D2780-36F8-472B-B471-3CDF185DCDA2}.Release|Any CPU.Build.0 = Release|Any CPU
		{8E1FAA0F-9553-46B6-8C03-61EDD6FE06A3}.Debug|Any CPU.ActiveCfg = Debug|Any CPU
		{8E1FAA0F-9553-46B6-8C03-61EDD6FE06A3}.Debug|Any CPU.Build.0 = Debug|Any CPU
		{8E1FAA0F-9553-46B6-8C03-61EDD6FE06A3}.Release|Any CPU.ActiveCfg = Release|Any CPU
		{8E1FAA0F-9553-46B6-8C03-61EDD6FE06A3}.Release|Any CPU.Build.0 = Release|Any CPU
	EndGlobalSection
	GlobalSection(SolutionProperties) = preSolution
		HideSolutionNode = FALSE
	EndGlobalSection
	GlobalSection(ExtensibilityGlobals) = postSolution
		SolutionGuid = {E1A1B85A-1A30-44A8-8F88-715DE8C40625}
	EndGlobalSection
EndGlobal
